
Microsoft Visual Studio Solution File, Format Version 12.00
# Visual Studio 15
VisualStudioVersion = 15.0.27428.2015
MinimumVisualStudioVersion = 10.0.40219.1
Project("{9A19103F-16F7-4668-BE54-9A1E7A4F7556}") = "Brighter.WebApp", "Brighter.WebApp\Brighter.WebApp.csproj", "{2C3DCDBA-BB20-4AA1-AB0E-B5A573CA3894}"
EndProject
Project("{FAE04EC0-301F-11D3-BF4B-00C04F79EFBC}") = "Features", "Features\Features.csproj", "{7927891E-9B37-4C66-85B7-3C505E13E700}"
EndProject
Global
	GlobalSection(SolutionConfigurationPlatforms) = preSolution
		Debug|Any CPU = Debug|Any CPU
		Release|Any CPU = Release|Any CPU
	EndGlobalSection
	GlobalSection(ProjectConfigurationPlatforms) = postSolution
		{2C3DCDBA-BB20-4AA1-AB0E-B5A573CA3894}.Debug|Any CPU.ActiveCfg = Debug|Any CPU
		{2C3DCDBA-BB20-4AA1-AB0E-B5A573CA3894}.Debug|Any CPU.Build.0 = Debug|Any CPU
		{2C3DCDBA-BB20-4AA1-AB0E-B5A573CA3894}.Release|Any CPU.ActiveCfg = Release|Any CPU
		{2C3DCDBA-BB20-4AA1-AB0E-B5A573CA3894}.Release|Any CPU.Build.0 = Release|Any CPU
		{7927891E-9B37-4C66-85B7-3C505E13E700}.Debug|Any CPU.ActiveCfg = Debug|Any CPU
		{7927891E-9B37-4C66-85B7-3C505E13E700}.Debug|Any CPU.Build.0 = Debug|Any CPU
		{7927891E-9B37-4C66-85B7-3C505E13E700}.Release|Any CPU.ActiveCfg = Release|Any CPU
		{7927891E-9B37-4C66-85B7-3C505E13E700}.Release|Any CPU.Build.0 = Release|Any CPU
	EndGlobalSection
	GlobalSection(SolutionProperties) = preSolution
		HideSolutionNode = FALSE
	EndGlobalSection
	GlobalSection(ExtensibilityGlobals) = postSolution
		SolutionGuid = {FDD30056-CD5F-4E40-BD41-03469D86A7C6}
	EndGlobalSection
EndGlobal
