
Microsoft Visual Studio Solution File, Format Version 12.00
# Visual Studio 14
VisualStudioVersion = 14.0.25420.1
MinimumVisualStudioVersion = 10.0.40219.1
Project("{2150E333-8FDC-42A3-9474-1A3956D46DE8}") = "src", "src", "{F82285C5-27BD-4F99-B623-342DAAAE14DF}"
EndProject
Project("{2150E333-8FDC-42A3-9474-1A3956D46DE8}") = "Solution Items", "Solution Items", "{418E1E7D-8805-43E3-A0A6-9DEB00090D52}"
	ProjectSection(SolutionItems) = preProject
		global.json = global.json
	EndProjectSection
EndProject
Project("{8BB2217D-0F2D-49D1-97BC-3654ED321F3B}") = "spa-stack", "src\spa-stack\spa-stack.xproj", "{52C68E69-2459-4EA8-9DBF-FCE0DC9DE519}"
EndProject
Project("{8BB2217D-0F2D-49D1-97BC-3654ED321F3B}") = "WebLib", "src\WebLib\WebLib.xproj", "{338EB72F-7CD2-462F-938E-DA914AC8FA89}"
EndProject
Project("{8BB2217D-0F2D-49D1-97BC-3654ED321F3B}") = "CSharp.Models", "src\CSharp.Models\CSharp.Models.xproj", "{34B4F06D-5FDF-4DF6-8CDF-D0342CBE3CC6}"
EndProject
Project("{8BB2217D-0F2D-49D1-97BC-3654ED321F3B}") = "CSharp.Storage.NoDb", "src\CSharp.Storage.NoDb\CSharp.Storage.NoDb.xproj", "{23EEFF48-2160-4827-B30E-43A69CA486EF}"
EndProject
Project("{8BB2217D-0F2D-49D1-97BC-3654ED321F3B}") = "CSharp.Web", "src\CSharp.Web\CSharp.Web.xproj", "{382A94BF-8BE6-4BAC-9C5E-6AFB452BF198}"
EndProject
Global
	GlobalSection(SolutionConfigurationPlatforms) = preSolution
		Debug|Any CPU = Debug|Any CPU
		Release|Any CPU = Release|Any CPU
	EndGlobalSection
	GlobalSection(ProjectConfigurationPlatforms) = postSolution
		{52C68E69-2459-4EA8-9DBF-FCE0DC9DE519}.Debug|Any CPU.ActiveCfg = Debug|Any CPU
		{52C68E69-2459-4EA8-9DBF-FCE0DC9DE519}.Debug|Any CPU.Build.0 = Debug|Any CPU
		{52C68E69-2459-4EA8-9DBF-FCE0DC9DE519}.Release|Any CPU.ActiveCfg = Release|Any CPU
		{52C68E69-2459-4EA8-9DBF-FCE0DC9DE519}.Release|Any CPU.Build.0 = Release|Any CPU
		{338EB72F-7CD2-462F-938E-DA914AC8FA89}.Debug|Any CPU.ActiveCfg = Debug|Any CPU
		{338EB72F-7CD2-462F-938E-DA914AC8FA89}.Debug|Any CPU.Build.0 = Debug|Any CPU
		{338EB72F-7CD2-462F-938E-DA914AC8FA89}.Release|Any CPU.ActiveCfg = Release|Any CPU
		{338EB72F-7CD2-462F-938E-DA914AC8FA89}.Release|Any CPU.Build.0 = Release|Any CPU
		{34B4F06D-5FDF-4DF6-8CDF-D0342CBE3CC6}.Debug|Any CPU.ActiveCfg = Debug|Any CPU
		{34B4F06D-5FDF-4DF6-8CDF-D0342CBE3CC6}.Debug|Any CPU.Build.0 = Debug|Any CPU
		{34B4F06D-5FDF-4DF6-8CDF-D0342CBE3CC6}.Release|Any CPU.ActiveCfg = Release|Any CPU
		{34B4F06D-5FDF-4DF6-8CDF-D0342CBE3CC6}.Release|Any CPU.Build.0 = Release|Any CPU
		{23EEFF48-2160-4827-B30E-43A69CA486EF}.Debug|Any CPU.ActiveCfg = Debug|Any CPU
		{23EEFF48-2160-4827-B30E-43A69CA486EF}.Debug|Any CPU.Build.0 = Debug|Any CPU
		{23EEFF48-2160-4827-B30E-43A69CA486EF}.Release|Any CPU.ActiveCfg = Release|Any CPU
		{23EEFF48-2160-4827-B30E-43A69CA486EF}.Release|Any CPU.Build.0 = Release|Any CPU
		{382A94BF-8BE6-4BAC-9C5E-6AFB452BF198}.Debug|Any CPU.ActiveCfg = Debug|Any CPU
		{382A94BF-8BE6-4BAC-9C5E-6AFB452BF198}.Debug|Any CPU.Build.0 = Debug|Any CPU
		{382A94BF-8BE6-4BAC-9C5E-6AFB452BF198}.Release|Any CPU.ActiveCfg = Release|Any CPU
		{382A94BF-8BE6-4BAC-9C5E-6AFB452BF198}.Release|Any CPU.Build.0 = Release|Any CPU
	EndGlobalSection
	GlobalSection(SolutionProperties) = preSolution
		HideSolutionNode = FALSE
	EndGlobalSection
	GlobalSection(NestedProjects) = preSolution
		{52C68E69-2459-4EA8-9DBF-FCE0DC9DE519} = {F82285C5-27BD-4F99-B623-342DAAAE14DF}
		{338EB72F-7CD2-462F-938E-DA914AC8FA89} = {F82285C5-27BD-4F99-B623-342DAAAE14DF}
		{34B4F06D-5FDF-4DF6-8CDF-D0342CBE3CC6} = {F82285C5-27BD-4F99-B623-342DAAAE14DF}
		{23EEFF48-2160-4827-B30E-43A69CA486EF} = {F82285C5-27BD-4F99-B623-342DAAAE14DF}
		{382A94BF-8BE6-4BAC-9C5E-6AFB452BF198} = {F82285C5-27BD-4F99-B623-342DAAAE14DF}
	EndGlobalSection
EndGlobal
