
Microsoft Visual Studio Solution File, Format Version 12.00
# Visual Studio 14
VisualStudioVersion = 14.0.25420.1
MinimumVisualStudioVersion = 10.0.40219.1
Project("{2150E333-8FDC-42A3-9474-1A3956D46DE8}") = "src", "src", "{F82285C5-27BD-4F99-B623-342DAAAE14DF}"
EndProject
Project("{2150E333-8FDC-42A3-9474-1A3956D46DE8}") = "Solution Items", "Solution Items", "{418E1E7D-8805-43E3-A0A6-9DEB00090D52}"
	ProjectSection(SolutionItems) = preProject
		global.json = global.json
	EndProjectSection
EndProject
Project("{8BB2217D-0F2D-49D1-97BC-3654ED321F3B}") = "CSharp.Models", "src\CSharp.Models\CSharp.Models.xproj", "{34B4F06D-5FDF-4DF6-8CDF-D0342CBE3CC6}"
EndProject
Project("{8BB2217D-0F2D-49D1-97BC-3654ED321F3B}") = "CSharp.Storage.NoDb", "src\CSharp.Storage.NoDb\CSharp.Storage.NoDb.xproj", "{23EEFF48-2160-4827-B30E-43A69CA486EF}"
EndProject
Project("{8BB2217D-0F2D-49D1-97BC-3654ED321F3B}") = "WebApp", "src\WebApp\WebApp.xproj", "{9E28862E-AD5B-412B-A936-88870E12B865}"
EndProject
Project("{8BB2217D-0F2D-49D1-97BC-3654ED321F3B}") = "FSharp.Models", "src\FSharp.Models\FSharp.Models.xproj", "{3D8888E7-D3E7-4AD2-83B2-D8065660EAE9}"
EndProject
Project("{8BB2217D-0F2D-49D1-97BC-3654ED321F3B}") = "FSharp.Storage.NoDb", "src\FSharp.Storage.NoDb\FSharp.Storage.NoDb.xproj", "{FCFCA5AA-8BF3-4FCF-B743-8E0B17A411EA}"
EndProject
Project("{8BB2217D-0F2D-49D1-97BC-3654ED321F3B}") = "FSharp.WebLib", "src\FSharp.WebLib\FSharp.WebLib.xproj", "{4BF36EF2-23FC-4A92-B2AD-2F8014FCF74C}"
EndProject
Project("{8BB2217D-0F2D-49D1-97BC-3654ED321F3B}") = "CSharp.WebLib", "src\CSharp.WebLib\CSharp.WebLib.xproj", "{43898E94-A9A3-4F63-BA3C-9C349C2E1922}"
EndProject
Global
	GlobalSection(SolutionConfigurationPlatforms) = preSolution
		Debug|Any CPU = Debug|Any CPU
		Release|Any CPU = Release|Any CPU
	EndGlobalSection
	GlobalSection(ProjectConfigurationPlatforms) = postSolution
		{34B4F06D-5FDF-4DF6-8CDF-D0342CBE3CC6}.Debug|Any CPU.ActiveCfg = Debug|Any CPU
		{34B4F06D-5FDF-4DF6-8CDF-D0342CBE3CC6}.Debug|Any CPU.Build.0 = Debug|Any CPU
		{34B4F06D-5FDF-4DF6-8CDF-D0342CBE3CC6}.Release|Any CPU.ActiveCfg = Release|Any CPU
		{34B4F06D-5FDF-4DF6-8CDF-D0342CBE3CC6}.Release|Any CPU.Build.0 = Release|Any CPU
		{23EEFF48-2160-4827-B30E-43A69CA486EF}.Debug|Any CPU.ActiveCfg = Debug|Any CPU
		{23EEFF48-2160-4827-B30E-43A69CA486EF}.Debug|Any CPU.Build.0 = Debug|Any CPU
		{23EEFF48-2160-4827-B30E-43A69CA486EF}.Release|Any CPU.ActiveCfg = Release|Any CPU
		{23EEFF48-2160-4827-B30E-43A69CA486EF}.Release|Any CPU.Build.0 = Release|Any CPU
		{9E28862E-AD5B-412B-A936-88870E12B865}.Debug|Any CPU.ActiveCfg = Debug|Any CPU
		{9E28862E-AD5B-412B-A936-88870E12B865}.Debug|Any CPU.Build.0 = Debug|Any CPU
		{9E28862E-AD5B-412B-A936-88870E12B865}.Release|Any CPU.ActiveCfg = Release|Any CPU
		{9E28862E-AD5B-412B-A936-88870E12B865}.Release|Any CPU.Build.0 = Release|Any CPU
		{3D8888E7-D3E7-4AD2-83B2-D8065660EAE9}.Debug|Any CPU.ActiveCfg = Debug|Any CPU
		{3D8888E7-D3E7-4AD2-83B2-D8065660EAE9}.Debug|Any CPU.Build.0 = Debug|Any CPU
		{3D8888E7-D3E7-4AD2-83B2-D8065660EAE9}.Release|Any CPU.ActiveCfg = Release|Any CPU
		{3D8888E7-D3E7-4AD2-83B2-D8065660EAE9}.Release|Any CPU.Build.0 = Release|Any CPU
		{FCFCA5AA-8BF3-4FCF-B743-8E0B17A411EA}.Debug|Any CPU.ActiveCfg = Debug|Any CPU
		{FCFCA5AA-8BF3-4FCF-B743-8E0B17A411EA}.Debug|Any CPU.Build.0 = Debug|Any CPU
		{FCFCA5AA-8BF3-4FCF-B743-8E0B17A411EA}.Release|Any CPU.ActiveCfg = Release|Any CPU
		{FCFCA5AA-8BF3-4FCF-B743-8E0B17A411EA}.Release|Any CPU.Build.0 = Release|Any CPU
		{4BF36EF2-23FC-4A92-B2AD-2F8014FCF74C}.Debug|Any CPU.ActiveCfg = Debug|Any CPU
		{4BF36EF2-23FC-4A92-B2AD-2F8014FCF74C}.Debug|Any CPU.Build.0 = Debug|Any CPU
		{4BF36EF2-23FC-4A92-B2AD-2F8014FCF74C}.Release|Any CPU.ActiveCfg = Release|Any CPU
		{4BF36EF2-23FC-4A92-B2AD-2F8014FCF74C}.Release|Any CPU.Build.0 = Release|Any CPU
		{43898E94-A9A3-4F63-BA3C-9C349C2E1922}.Debug|Any CPU.ActiveCfg = Debug|Any CPU
		{43898E94-A9A3-4F63-BA3C-9C349C2E1922}.Debug|Any CPU.Build.0 = Debug|Any CPU
		{43898E94-A9A3-4F63-BA3C-9C349C2E1922}.Release|Any CPU.ActiveCfg = Release|Any CPU
		{43898E94-A9A3-4F63-BA3C-9C349C2E1922}.Release|Any CPU.Build.0 = Release|Any CPU
	EndGlobalSection
	GlobalSection(SolutionProperties) = preSolution
		HideSolutionNode = FALSE
	EndGlobalSection
	GlobalSection(NestedProjects) = preSolution
		{34B4F06D-5FDF-4DF6-8CDF-D0342CBE3CC6} = {F82285C5-27BD-4F99-B623-342DAAAE14DF}
		{23EEFF48-2160-4827-B30E-43A69CA486EF} = {F82285C5-27BD-4F99-B623-342DAAAE14DF}
		{9E28862E-AD5B-412B-A936-88870E12B865} = {F82285C5-27BD-4F99-B623-342DAAAE14DF}
		{3D8888E7-D3E7-4AD2-83B2-D8065660EAE9} = {F82285C5-27BD-4F99-B623-342DAAAE14DF}
		{FCFCA5AA-8BF3-4FCF-B743-8E0B17A411EA} = {F82285C5-27BD-4F99-B623-342DAAAE14DF}
		{4BF36EF2-23FC-4A92-B2AD-2F8014FCF74C} = {F82285C5-27BD-4F99-B623-342DAAAE14DF}
		{43898E94-A9A3-4F63-BA3C-9C349C2E1922} = {F82285C5-27BD-4F99-B623-342DAAAE14DF}
	EndGlobalSection
EndGlobal
