
Microsoft Visual Studio Solution File, Format Version 12.00
# Visual Studio 15
VisualStudioVersion = 15.0.27019.1
MinimumVisualStudioVersion = 10.0.40219.1
Project("{2150E333-8FDC-42A3-9474-1A3956D46DE8}") = "src", "src", "{F82285C5-27BD-4F99-B623-342DAAAE14DF}"
EndProject
Project("{2150E333-8FDC-42A3-9474-1A3956D46DE8}") = "Solution Items", "Solution Items", "{418E1E7D-8805-43E3-A0A6-9DEB00090D52}"
EndProject
Project("{9A19103F-16F7-4668-BE54-9A1E7A4F7556}") = "CSharp.Models", "src\CSharp.Models\CSharp.Models.csproj", "{34B4F06D-5FDF-4DF6-8CDF-D0342CBE3CC6}"
EndProject
Project("{9A19103F-16F7-4668-BE54-9A1E7A4F7556}") = "CSharp.Storage.NoDb", "src\CSharp.Storage.NoDb\CSharp.Storage.NoDb.csproj", "{23EEFF48-2160-4827-B30E-43A69CA486EF}"
EndProject
Project("{9A19103F-16F7-4668-BE54-9A1E7A4F7556}") = "WebApp", "src\WebApp\WebApp.csproj", "{9E28862E-AD5B-412B-A936-88870E12B865}"
EndProject
Project("{9A19103F-16F7-4668-BE54-9A1E7A4F7556}") = "CSharp.WebLib", "src\CSharp.WebLib\CSharp.WebLib.csproj", "{43898E94-A9A3-4F63-BA3C-9C349C2E1922}"
EndProject
Project("{6EC3EE1D-3C4E-46DD-8F32-0CC8E7565705}") = "FSharp.Models", "src\FSharp.Models\FSharp.Models.fsproj", "{DFD34289-1445-421E-B2D4-E2979B26C049}"
EndProject
Project("{6EC3EE1D-3C4E-46DD-8F32-0CC8E7565705}") = "FSharp.Storage.NoDb", "src\FSharp.Storage.NoDb\FSharp.Storage.NoDb.fsproj", "{806EBF33-6FAF-45A4-95FD-927839766199}"
EndProject
Project("{6EC3EE1D-3C4E-46DD-8F32-0CC8E7565705}") = "FSharp.WebLib", "src\FSharp.WebLib\FSharp.WebLib.fsproj", "{ECB4DB4D-6F13-43C2-AF26-ADE443A94DF5}"
EndProject
Global
	GlobalSection(SolutionConfigurationPlatforms) = preSolution
		Debug|Any CPU = Debug|Any CPU
		Release|Any CPU = Release|Any CPU
	EndGlobalSection
	GlobalSection(ProjectConfigurationPlatforms) = postSolution
		{34B4F06D-5FDF-4DF6-8CDF-D0342CBE3CC6}.Debug|Any CPU.ActiveCfg = Debug|Any CPU
		{34B4F06D-5FDF-4DF6-8CDF-D0342CBE3CC6}.Debug|Any CPU.Build.0 = Debug|Any CPU
		{34B4F06D-5FDF-4DF6-8CDF-D0342CBE3CC6}.Release|Any CPU.ActiveCfg = Release|Any CPU
		{34B4F06D-5FDF-4DF6-8CDF-D0342CBE3CC6}.Release|Any CPU.Build.0 = Release|Any CPU
		{23EEFF48-2160-4827-B30E-43A69CA486EF}.Debug|Any CPU.ActiveCfg = Debug|Any CPU
		{23EEFF48-2160-4827-B30E-43A69CA486EF}.Debug|Any CPU.Build.0 = Debug|Any CPU
		{23EEFF48-2160-4827-B30E-43A69CA486EF}.Release|Any CPU.ActiveCfg = Release|Any CPU
		{23EEFF48-2160-4827-B30E-43A69CA486EF}.Release|Any CPU.Build.0 = Release|Any CPU
		{9E28862E-AD5B-412B-A936-88870E12B865}.Debug|Any CPU.ActiveCfg = Debug|Any CPU
		{9E28862E-AD5B-412B-A936-88870E12B865}.Debug|Any CPU.Build.0 = Debug|Any CPU
		{9E28862E-AD5B-412B-A936-88870E12B865}.Release|Any CPU.ActiveCfg = Release|Any CPU
		{9E28862E-AD5B-412B-A936-88870E12B865}.Release|Any CPU.Build.0 = Release|Any CPU
		{43898E94-A9A3-4F63-BA3C-9C349C2E1922}.Debug|Any CPU.ActiveCfg = Debug|Any CPU
		{43898E94-A9A3-4F63-BA3C-9C349C2E1922}.Debug|Any CPU.Build.0 = Debug|Any CPU
		{43898E94-A9A3-4F63-BA3C-9C349C2E1922}.Release|Any CPU.ActiveCfg = Release|Any CPU
		{43898E94-A9A3-4F63-BA3C-9C349C2E1922}.Release|Any CPU.Build.0 = Release|Any CPU
		{DFD34289-1445-421E-B2D4-E2979B26C049}.Debug|Any CPU.ActiveCfg = Debug|Any CPU
		{DFD34289-1445-421E-B2D4-E2979B26C049}.Debug|Any CPU.Build.0 = Debug|Any CPU
		{DFD34289-1445-421E-B2D4-E2979B26C049}.Release|Any CPU.ActiveCfg = Release|Any CPU
		{DFD34289-1445-421E-B2D4-E2979B26C049}.Release|Any CPU.Build.0 = Release|Any CPU
		{806EBF33-6FAF-45A4-95FD-927839766199}.Debug|Any CPU.ActiveCfg = Debug|Any CPU
		{806EBF33-6FAF-45A4-95FD-927839766199}.Debug|Any CPU.Build.0 = Debug|Any CPU
		{806EBF33-6FAF-45A4-95FD-927839766199}.Release|Any CPU.ActiveCfg = Release|Any CPU
		{806EBF33-6FAF-45A4-95FD-927839766199}.Release|Any CPU.Build.0 = Release|Any CPU
		{ECB4DB4D-6F13-43C2-AF26-ADE443A94DF5}.Debug|Any CPU.ActiveCfg = Debug|Any CPU
		{ECB4DB4D-6F13-43C2-AF26-ADE443A94DF5}.Debug|Any CPU.Build.0 = Debug|Any CPU
		{ECB4DB4D-6F13-43C2-AF26-ADE443A94DF5}.Release|Any CPU.ActiveCfg = Release|Any CPU
		{ECB4DB4D-6F13-43C2-AF26-ADE443A94DF5}.Release|Any CPU.Build.0 = Release|Any CPU
	EndGlobalSection
	GlobalSection(SolutionProperties) = preSolution
		HideSolutionNode = FALSE
	EndGlobalSection
	GlobalSection(NestedProjects) = preSolution
		{34B4F06D-5FDF-4DF6-8CDF-D0342CBE3CC6} = {F82285C5-27BD-4F99-B623-342DAAAE14DF}
		{23EEFF48-2160-4827-B30E-43A69CA486EF} = {F82285C5-27BD-4F99-B623-342DAAAE14DF}
		{9E28862E-AD5B-412B-A936-88870E12B865} = {F82285C5-27BD-4F99-B623-342DAAAE14DF}
		{43898E94-A9A3-4F63-BA3C-9C349C2E1922} = {F82285C5-27BD-4F99-B623-342DAAAE14DF}
		{DFD34289-1445-421E-B2D4-E2979B26C049} = {F82285C5-27BD-4F99-B623-342DAAAE14DF}
		{806EBF33-6FAF-45A4-95FD-927839766199} = {F82285C5-27BD-4F99-B623-342DAAAE14DF}
		{ECB4DB4D-6F13-43C2-AF26-ADE443A94DF5} = {F82285C5-27BD-4F99-B623-342DAAAE14DF}
	EndGlobalSection
	GlobalSection(ExtensibilityGlobals) = postSolution
		SolutionGuid = {16255E67-C34C-4626-9B5C-2A8D3C8139E8}
	EndGlobalSection
EndGlobal
